
Microsoft Visual Studio Solution File, Format Version 12.00
Project("{FAE04EC0-301F-11D3-BF4B-00C04F79EFBC}") = "Howest.Movies.WebApi", "Howest.Movies.WebApi\Howest.Movies.WebApi.csproj", "{A9558C62-BBED-4D17-BCE8-18F1EB4EDBFB}"
EndProject
Project("{FAE04EC0-301F-11D3-BF4B-00C04F79EFBC}") = "Howest.Movies.Data", "Howest.Movies.Data\Howest.Movies.Data.csproj", "{DBB2A537-8F3A-45D4-B07C-7719E2683A3F}"
EndProject
Project("{FAE04EC0-301F-11D3-BF4B-00C04F79EFBC}") = "Howest.Movies.Models", "Howest.Movies.Models\Howest.Movies.Models.csproj", "{FBE859A5-634A-4141-A966-3E5EDAA754FC}"
EndProject
Project("{FAE04EC0-301F-11D3-BF4B-00C04F79EFBC}") = "Howest.Movies.AccessLayer", "Howest.Movies.AccessLayer\Howest.Movies.AccessLayer.csproj", "{DBD31946-C9DB-41EC-ADE8-924DAB0584BE}"
EndProject
Project("{FAE04EC0-301F-11D3-BF4B-00C04F79EFBC}") = "Howest.Movies.Dtos", "Howest.Movies.Dtos\Howest.Movies.Dtos.csproj", "{6E416FEB-BCD0-45E0-A802-DEFD150161A1}"
EndProject
Project("{2150E333-8FDC-42A3-9474-1A3956D46DE8}") = "Solution Items", "Solution Items", "{427DC936-4A5B-458D-B0DA-C45F50E40AD5}"
	ProjectSection(SolutionItems) = preProject
		docker-compose.yml = docker-compose.yml
		.gitignore = .gitignore
		.dockerignore = .dockerignore
	EndProjectSection
EndProject
Project("{FAE04EC0-301F-11D3-BF4B-00C04F79EFBC}") = "Howest.Movies.WebApp", "Howest.Movies.WebApp\Howest.Movies.WebApp.csproj", "{FA02DCE5-C46C-4FEA-87C4-319D33B61D9E}"
EndProject
Project("{FAE04EC0-301F-11D3-BF4B-00C04F79EFBC}") = "Howest.Movies.Sdk", "Howest.Movies.Sdk\Howest.Movies.Sdk.csproj", "{E4AB5813-5037-4CF3-8B18-258C99FF7041}"
EndProject
Project("{FAE04EC0-301F-11D3-BF4B-00C04F79EFBC}") = "Howest.Movies.Tests", "Howest.Movies.Tests\Howest.Movies.Tests.csproj", "{57C1300F-97FE-4CA7-9FF1-0DAD72992EA0}"
EndProject
Global
	GlobalSection(SolutionConfigurationPlatforms) = preSolution
		Debug|Any CPU = Debug|Any CPU
		Release|Any CPU = Release|Any CPU
	EndGlobalSection
	GlobalSection(ProjectConfigurationPlatforms) = postSolution
		{A9558C62-BBED-4D17-BCE8-18F1EB4EDBFB}.Debug|Any CPU.ActiveCfg = Debug|Any CPU
		{A9558C62-BBED-4D17-BCE8-18F1EB4EDBFB}.Debug|Any CPU.Build.0 = Debug|Any CPU
		{A9558C62-BBED-4D17-BCE8-18F1EB4EDBFB}.Release|Any CPU.ActiveCfg = Release|Any CPU
		{A9558C62-BBED-4D17-BCE8-18F1EB4EDBFB}.Release|Any CPU.Build.0 = Release|Any CPU
		{DBB2A537-8F3A-45D4-B07C-7719E2683A3F}.Debug|Any CPU.ActiveCfg = Debug|Any CPU
		{DBB2A537-8F3A-45D4-B07C-7719E2683A3F}.Debug|Any CPU.Build.0 = Debug|Any CPU
		{DBB2A537-8F3A-45D4-B07C-7719E2683A3F}.Release|Any CPU.ActiveCfg = Release|Any CPU
		{DBB2A537-8F3A-45D4-B07C-7719E2683A3F}.Release|Any CPU.Build.0 = Release|Any CPU
		{FBE859A5-634A-4141-A966-3E5EDAA754FC}.Debug|Any CPU.ActiveCfg = Debug|Any CPU
		{FBE859A5-634A-4141-A966-3E5EDAA754FC}.Debug|Any CPU.Build.0 = Debug|Any CPU
		{FBE859A5-634A-4141-A966-3E5EDAA754FC}.Release|Any CPU.ActiveCfg = Release|Any CPU
		{FBE859A5-634A-4141-A966-3E5EDAA754FC}.Release|Any CPU.Build.0 = Release|Any CPU
		{DBD31946-C9DB-41EC-ADE8-924DAB0584BE}.Debug|Any CPU.ActiveCfg = Debug|Any CPU
		{DBD31946-C9DB-41EC-ADE8-924DAB0584BE}.Debug|Any CPU.Build.0 = Debug|Any CPU
		{DBD31946-C9DB-41EC-ADE8-924DAB0584BE}.Release|Any CPU.ActiveCfg = Release|Any CPU
		{DBD31946-C9DB-41EC-ADE8-924DAB0584BE}.Release|Any CPU.Build.0 = Release|Any CPU
		{6E416FEB-BCD0-45E0-A802-DEFD150161A1}.Debug|Any CPU.ActiveCfg = Debug|Any CPU
		{6E416FEB-BCD0-45E0-A802-DEFD150161A1}.Debug|Any CPU.Build.0 = Debug|Any CPU
		{6E416FEB-BCD0-45E0-A802-DEFD150161A1}.Release|Any CPU.ActiveCfg = Release|Any CPU
		{6E416FEB-BCD0-45E0-A802-DEFD150161A1}.Release|Any CPU.Build.0 = Release|Any CPU
		{FA02DCE5-C46C-4FEA-87C4-319D33B61D9E}.Debug|Any CPU.ActiveCfg = Debug|Any CPU
		{FA02DCE5-C46C-4FEA-87C4-319D33B61D9E}.Debug|Any CPU.Build.0 = Debug|Any CPU
		{FA02DCE5-C46C-4FEA-87C4-319D33B61D9E}.Release|Any CPU.ActiveCfg = Release|Any CPU
		{FA02DCE5-C46C-4FEA-87C4-319D33B61D9E}.Release|Any CPU.Build.0 = Release|Any CPU
		{E4AB5813-5037-4CF3-8B18-258C99FF7041}.Debug|Any CPU.ActiveCfg = Debug|Any CPU
		{E4AB5813-5037-4CF3-8B18-258C99FF7041}.Debug|Any CPU.Build.0 = Debug|Any CPU
		{E4AB5813-5037-4CF3-8B18-258C99FF7041}.Release|Any CPU.ActiveCfg = Release|Any CPU
		{E4AB5813-5037-4CF3-8B18-258C99FF7041}.Release|Any CPU.Build.0 = Release|Any CPU
		{57C1300F-97FE-4CA7-9FF1-0DAD72992EA0}.Debug|Any CPU.ActiveCfg = Debug|Any CPU
		{57C1300F-97FE-4CA7-9FF1-0DAD72992EA0}.Debug|Any CPU.Build.0 = Debug|Any CPU
		{57C1300F-97FE-4CA7-9FF1-0DAD72992EA0}.Release|Any CPU.ActiveCfg = Release|Any CPU
		{57C1300F-97FE-4CA7-9FF1-0DAD72992EA0}.Release|Any CPU.Build.0 = Release|Any CPU
	EndGlobalSection
EndGlobal
